
Microsoft Visual Studio Solution File, Format Version 12.00
# Visual Studio Version 17
VisualStudioVersion = 17.2.32630.192
MinimumVisualStudioVersion = 10.0.40219.1
Project("{FAE04EC0-301F-11D3-BF4B-00C04F79EFBC}") = "AsyncBreakfast.Console", "AsyncBreakfast.Console\AsyncBreakfast.Console.csproj", "{3C6346CA-3E32-46E8-978B-B1C269C59143}"
EndProject
Global
	GlobalSection(SolutionConfigurationPlatforms) = preSolution
		Debug|Any CPU = Debug|Any CPU
		Release|Any CPU = Release|Any CPU
	EndGlobalSection
	GlobalSection(ProjectConfigurationPlatforms) = postSolution
		{3C6346CA-3E32-46E8-978B-B1C269C59143}.Debug|Any CPU.ActiveCfg = Debug|Any CPU
		{3C6346CA-3E32-46E8-978B-B1C269C59143}.Debug|Any CPU.Build.0 = Debug|Any CPU
		{3C6346CA-3E32-46E8-978B-B1C269C59143}.Release|Any CPU.ActiveCfg = Release|Any CPU
		{3C6346CA-3E32-46E8-978B-B1C269C59143}.Release|Any CPU.Build.0 = Release|Any CPU
	EndGlobalSection
	GlobalSection(SolutionProperties) = preSolution
		HideSolutionNode = FALSE
	EndGlobalSection
	GlobalSection(ExtensibilityGlobals) = postSolution
		SolutionGuid = {558724B0-A8C8-4D00-94A9-F63415AFB52D}
	EndGlobalSection
EndGlobal
